
Microsoft Visual Studio Solution File, Format Version 12.00
# Visual Studio 15
VisualStudioVersion = 15.0.27428.2002
MinimumVisualStudioVersion = 10.0.40219.1
Project("{FAE04EC0-301F-11D3-BF4B-00C04F79EFBC}") = "UserServer", "UserServer\UserServer.csproj", "{15CE6661-189B-495F-A4D7-937726E83E06}"
EndProject
Global
	GlobalSection(SolutionConfigurationPlatforms) = preSolution
		Debug|Any CPU = Debug|Any CPU
		Release|Any CPU = Release|Any CPU
	EndGlobalSection
	GlobalSection(ProjectConfigurationPlatforms) = postSolution
		{15CE6661-189B-495F-A4D7-937726E83E06}.Debug|Any CPU.ActiveCfg = Debug|Any CPU
		{15CE6661-189B-495F-A4D7-937726E83E06}.Debug|Any CPU.Build.0 = Debug|Any CPU
		{15CE6661-189B-495F-A4D7-937726E83E06}.Release|Any CPU.ActiveCfg = Release|Any CPU
		{15CE6661-189B-495F-A4D7-937726E83E06}.Release|Any CPU.Build.0 = Release|Any CPU
	EndGlobalSection
	GlobalSection(SolutionProperties) = preSolution
		HideSolutionNode = FALSE
	EndGlobalSection
	GlobalSection(ExtensibilityGlobals) = postSolution
		SolutionGuid = {E1E4FBCD-6A1B-45D6-AEB2-B2C79579D47A}
	EndGlobalSection
EndGlobal
